
Microsoft Visual Studio Solution File, Format Version 12.00
# Visual Studio Version 16
VisualStudioVersion = 16.0.29519.87
MinimumVisualStudioVersion = 10.0.40219.1
Project("{D954291E-2A0B-460D-934E-DC6B0785DB48}") = "TMUnoProject.Shared", "TMUnoProject\TMUnoProject.Shared\TMUnoProject.Shared.shproj", "{6279C845-92F8-4333-AB99-3D213163593C}"
EndProject
Project("{FAE04EC0-301F-11D3-BF4B-00C04F79EFBC}") = "TMUnoProject.Droid", "TMUnoProject\TMUnoProject.Droid\TMUnoProject.Droid.csproj", "{0BE31302-0D73-419C-8283-43FCF181B02C}"
EndProject
Project("{FAE04EC0-301F-11D3-BF4B-00C04F79EFBC}") = "TMUnoProject.iOS", "TMUnoProject\TMUnoProject.iOS\TMUnoProject.iOS.csproj", "{F63E4636-ADBF-4276-A84F-CDC022DAA204}"
EndProject
Project("{FAE04EC0-301F-11D3-BF4B-00C04F79EFBC}") = "TMUnoProject.UWP", "TMUnoProject\TMUnoProject.UWP\TMUnoProject.UWP.csproj", "{543E5149-BEDB-4537-BC36-2BF425E6C312}"
EndProject
Project("{9A19103F-16F7-4668-BE54-9A1E7A4F7556}") = "TMUnoProject.Wasm", "TMUnoProject\TMUnoProject.Wasm\TMUnoProject.Wasm.csproj", "{24C41CE2-F3E8-4469-B11A-A16547087098}"
EndProject
Global
	GlobalSection(SharedMSBuildProjectFiles) = preSolution
		TMUnoProject\TMUnoProject.Shared\TMUnoProject.Shared.projitems*{0be31302-0d73-419c-8283-43fcf181b02c}*SharedItemsImports = 4
		TMUnoProject\TMUnoProject.Shared\TMUnoProject.Shared.projitems*{543e5149-bedb-4537-bc36-2bf425e6c312}*SharedItemsImports = 4
		TMUnoProject\TMUnoProject.Shared\TMUnoProject.Shared.projitems*{6279c845-92f8-4333-ab99-3d213163593c}*SharedItemsImports = 13
		TMUnoProject\TMUnoProject.Shared\TMUnoProject.Shared.projitems*{f63e4636-adbf-4276-a84f-cdc022daa204}*SharedItemsImports = 4
	EndGlobalSection
	GlobalSection(SolutionConfigurationPlatforms) = preSolution
		Ad-Hoc|Any CPU = Ad-Hoc|Any CPU
		Ad-Hoc|ARM = Ad-Hoc|ARM
		Ad-Hoc|iPhone = Ad-Hoc|iPhone
		Ad-Hoc|iPhoneSimulator = Ad-Hoc|iPhoneSimulator
		Ad-Hoc|x64 = Ad-Hoc|x64
		Ad-Hoc|x86 = Ad-Hoc|x86
		AppStore|Any CPU = AppStore|Any CPU
		AppStore|ARM = AppStore|ARM
		AppStore|iPhone = AppStore|iPhone
		AppStore|iPhoneSimulator = AppStore|iPhoneSimulator
		AppStore|x64 = AppStore|x64
		AppStore|x86 = AppStore|x86
		Debug|Any CPU = Debug|Any CPU
		Debug|ARM = Debug|ARM
		Debug|iPhone = Debug|iPhone
		Debug|iPhoneSimulator = Debug|iPhoneSimulator
		Debug|x64 = Debug|x64
		Debug|x86 = Debug|x86
		Release|Any CPU = Release|Any CPU
		Release|ARM = Release|ARM
		Release|iPhone = Release|iPhone
		Release|iPhoneSimulator = Release|iPhoneSimulator
		Release|x64 = Release|x64
		Release|x86 = Release|x86
	EndGlobalSection
	GlobalSection(ProjectConfigurationPlatforms) = postSolution
		{0BE31302-0D73-419C-8283-43FCF181B02C}.Ad-Hoc|Any CPU.ActiveCfg = Release|Any CPU
		{0BE31302-0D73-419C-8283-43FCF181B02C}.Ad-Hoc|Any CPU.Build.0 = Release|Any CPU
		{0BE31302-0D73-419C-8283-43FCF181B02C}.Ad-Hoc|Any CPU.Deploy.0 = Release|Any CPU
		{0BE31302-0D73-419C-8283-43FCF181B02C}.Ad-Hoc|ARM.ActiveCfg = Release|Any CPU
		{0BE31302-0D73-419C-8283-43FCF181B02C}.Ad-Hoc|ARM.Build.0 = Release|Any CPU
		{0BE31302-0D73-419C-8283-43FCF181B02C}.Ad-Hoc|ARM.Deploy.0 = Release|Any CPU
		{0BE31302-0D73-419C-8283-43FCF181B02C}.Ad-Hoc|iPhone.ActiveCfg = Release|Any CPU
		{0BE31302-0D73-419C-8283-43FCF181B02C}.Ad-Hoc|iPhone.Build.0 = Release|Any CPU
		{0BE31302-0D73-419C-8283-43FCF181B02C}.Ad-Hoc|iPhone.Deploy.0 = Release|Any CPU
		{0BE31302-0D73-419C-8283-43FCF181B02C}.Ad-Hoc|iPhoneSimulator.ActiveCfg = Release|Any CPU
		{0BE31302-0D73-419C-8283-43FCF181B02C}.Ad-Hoc|iPhoneSimulator.Build.0 = Release|Any CPU
		{0BE31302-0D73-419C-8283-43FCF181B02C}.Ad-Hoc|iPhoneSimulator.Deploy.0 = Release|Any CPU
		{0BE31302-0D73-419C-8283-43FCF181B02C}.Ad-Hoc|x64.ActiveCfg = Release|Any CPU
		{0BE31302-0D73-419C-8283-43FCF181B02C}.Ad-Hoc|x64.Build.0 = Release|Any CPU
		{0BE31302-0D73-419C-8283-43FCF181B02C}.Ad-Hoc|x64.Deploy.0 = Release|Any CPU
		{0BE31302-0D73-419C-8283-43FCF181B02C}.Ad-Hoc|x86.ActiveCfg = Release|Any CPU
		{0BE31302-0D73-419C-8283-43FCF181B02C}.Ad-Hoc|x86.Build.0 = Release|Any CPU
		{0BE31302-0D73-419C-8283-43FCF181B02C}.Ad-Hoc|x86.Deploy.0 = Release|Any CPU
		{0BE31302-0D73-419C-8283-43FCF181B02C}.AppStore|Any CPU.ActiveCfg = Release|Any CPU
		{0BE31302-0D73-419C-8283-43FCF181B02C}.AppStore|Any CPU.Build.0 = Release|Any CPU
		{0BE31302-0D73-419C-8283-43FCF181B02C}.AppStore|Any CPU.Deploy.0 = Release|Any CPU
		{0BE31302-0D73-419C-8283-43FCF181B02C}.AppStore|ARM.ActiveCfg = Release|Any CPU
		{0BE31302-0D73-419C-8283-43FCF181B02C}.AppStore|ARM.Build.0 = Release|Any CPU
		{0BE31302-0D73-419C-8283-43FCF181B02C}.AppStore|ARM.Deploy.0 = Release|Any CPU
		{0BE31302-0D73-419C-8283-43FCF181B02C}.AppStore|iPhone.ActiveCfg = Release|Any CPU
		{0BE31302-0D73-419C-8283-43FCF181B02C}.AppStore|iPhone.Build.0 = Release|Any CPU
		{0BE31302-0D73-419C-8283-43FCF181B02C}.AppStore|iPhone.Deploy.0 = Release|Any CPU
		{0BE31302-0D73-419C-8283-43FCF181B02C}.AppStore|iPhoneSimulator.ActiveCfg = Release|Any CPU
		{0BE31302-0D73-419C-8283-43FCF181B02C}.AppStore|iPhoneSimulator.Build.0 = Release|Any CPU
		{0BE31302-0D73-419C-8283-43FCF181B02C}.AppStore|iPhoneSimulator.Deploy.0 = Release|Any CPU
		{0BE31302-0D73-419C-8283-43FCF181B02C}.AppStore|x64.ActiveCfg = Release|Any CPU
		{0BE31302-0D73-419C-8283-43FCF181B02C}.AppStore|x64.Build.0 = Release|Any CPU
		{0BE31302-0D73-419C-8283-43FCF181B02C}.AppStore|x64.Deploy.0 = Release|Any CPU
		{0BE31302-0D73-419C-8283-43FCF181B02C}.AppStore|x86.ActiveCfg = Release|Any CPU
		{0BE31302-0D73-419C-8283-43FCF181B02C}.AppStore|x86.Build.0 = Release|Any CPU
		{0BE31302-0D73-419C-8283-43FCF181B02C}.AppStore|x86.Deploy.0 = Release|Any CPU
		{0BE31302-0D73-419C-8283-43FCF181B02C}.Debug|Any CPU.ActiveCfg = Debug|Any CPU
		{0BE31302-0D73-419C-8283-43FCF181B02C}.Debug|Any CPU.Build.0 = Debug|Any CPU
		{0BE31302-0D73-419C-8283-43FCF181B02C}.Debug|Any CPU.Deploy.0 = Debug|Any CPU
		{0BE31302-0D73-419C-8283-43FCF181B02C}.Debug|ARM.ActiveCfg = Debug|Any CPU
		{0BE31302-0D73-419C-8283-43FCF181B02C}.Debug|ARM.Build.0 = Debug|Any CPU
		{0BE31302-0D73-419C-8283-43FCF181B02C}.Debug|ARM.Deploy.0 = Debug|Any CPU
		{0BE31302-0D73-419C-8283-43FCF181B02C}.Debug|iPhone.ActiveCfg = Debug|Any CPU
		{0BE31302-0D73-419C-8283-43FCF181B02C}.Debug|iPhone.Build.0 = Debug|Any CPU
		{0BE31302-0D73-419C-8283-43FCF181B02C}.Debug|iPhone.Deploy.0 = Debug|Any CPU
		{0BE31302-0D73-419C-8283-43FCF181B02C}.Debug|iPhoneSimulator.ActiveCfg = Debug|Any CPU
		{0BE31302-0D73-419C-8283-43FCF181B02C}.Debug|iPhoneSimulator.Build.0 = Debug|Any CPU
		{0BE31302-0D73-419C-8283-43FCF181B02C}.Debug|iPhoneSimulator.Deploy.0 = Debug|Any CPU
		{0BE31302-0D73-419C-8283-43FCF181B02C}.Debug|x64.ActiveCfg = Debug|Any CPU
		{0BE31302-0D73-419C-8283-43FCF181B02C}.Debug|x64.Build.0 = Debug|Any CPU
		{0BE31302-0D73-419C-8283-43FCF181B02C}.Debug|x64.Deploy.0 = Debug|Any CPU
		{0BE31302-0D73-419C-8283-43FCF181B02C}.Debug|x86.ActiveCfg = Debug|Any CPU
		{0BE31302-0D73-419C-8283-43FCF181B02C}.Debug|x86.Build.0 = Debug|Any CPU
		{0BE31302-0D73-419C-8283-43FCF181B02C}.Debug|x86.Deploy.0 = Debug|Any CPU
		{0BE31302-0D73-419C-8283-43FCF181B02C}.Release|Any CPU.ActiveCfg = Release|Any CPU
		{0BE31302-0D73-419C-8283-43FCF181B02C}.Release|Any CPU.Build.0 = Release|Any CPU
		{0BE31302-0D73-419C-8283-43FCF181B02C}.Release|Any CPU.Deploy.0 = Release|Any CPU
		{0BE31302-0D73-419C-8283-43FCF181B02C}.Release|ARM.ActiveCfg = Release|Any CPU
		{0BE31302-0D73-419C-8283-43FCF181B02C}.Release|ARM.Build.0 = Release|Any CPU
		{0BE31302-0D73-419C-8283-43FCF181B02C}.Release|ARM.Deploy.0 = Release|Any CPU
		{0BE31302-0D73-419C-8283-43FCF181B02C}.Release|iPhone.ActiveCfg = Release|Any CPU
		{0BE31302-0D73-419C-8283-43FCF181B02C}.Release|iPhone.Build.0 = Release|Any CPU
		{0BE31302-0D73-419C-8283-43FCF181B02C}.Release|iPhone.Deploy.0 = Release|Any CPU
		{0BE31302-0D73-419C-8283-43FCF181B02C}.Release|iPhoneSimulator.ActiveCfg = Release|Any CPU
		{0BE31302-0D73-419C-8283-43FCF181B02C}.Release|iPhoneSimulator.Build.0 = Release|Any CPU
		{0BE31302-0D73-419C-8283-43FCF181B02C}.Release|iPhoneSimulator.Deploy.0 = Release|Any CPU
		{0BE31302-0D73-419C-8283-43FCF181B02C}.Release|x64.ActiveCfg = Release|Any CPU
		{0BE31302-0D73-419C-8283-43FCF181B02C}.Release|x64.Build.0 = Release|Any CPU
		{0BE31302-0D73-419C-8283-43FCF181B02C}.Release|x64.Deploy.0 = Release|Any CPU
		{0BE31302-0D73-419C-8283-43FCF181B02C}.Release|x86.ActiveCfg = Release|Any CPU
		{0BE31302-0D73-419C-8283-43FCF181B02C}.Release|x86.Build.0 = Release|Any CPU
		{0BE31302-0D73-419C-8283-43FCF181B02C}.Release|x86.Deploy.0 = Release|Any CPU
		{F63E4636-ADBF-4276-A84F-CDC022DAA204}.Ad-Hoc|Any CPU.ActiveCfg = Ad-Hoc|iPhone
		{F63E4636-ADBF-4276-A84F-CDC022DAA204}.Ad-Hoc|ARM.ActiveCfg = Ad-Hoc|iPhone
		{F63E4636-ADBF-4276-A84F-CDC022DAA204}.Ad-Hoc|iPhone.ActiveCfg = Ad-Hoc|iPhone
		{F63E4636-ADBF-4276-A84F-CDC022DAA204}.Ad-Hoc|iPhone.Build.0 = Ad-Hoc|iPhone
		{F63E4636-ADBF-4276-A84F-CDC022DAA204}.Ad-Hoc|iPhoneSimulator.ActiveCfg = Ad-Hoc|iPhoneSimulator
		{F63E4636-ADBF-4276-A84F-CDC022DAA204}.Ad-Hoc|iPhoneSimulator.Build.0 = Ad-Hoc|iPhoneSimulator
		{F63E4636-ADBF-4276-A84F-CDC022DAA204}.Ad-Hoc|x64.ActiveCfg = Ad-Hoc|iPhone
		{F63E4636-ADBF-4276-A84F-CDC022DAA204}.Ad-Hoc|x86.ActiveCfg = Ad-Hoc|iPhone
		{F63E4636-ADBF-4276-A84F-CDC022DAA204}.AppStore|Any CPU.ActiveCfg = AppStore|iPhone
		{F63E4636-ADBF-4276-A84F-CDC022DAA204}.AppStore|ARM.ActiveCfg = AppStore|iPhone
		{F63E4636-ADBF-4276-A84F-CDC022DAA204}.AppStore|iPhone.ActiveCfg = AppStore|iPhone
		{F63E4636-ADBF-4276-A84F-CDC022DAA204}.AppStore|iPhone.Build.0 = AppStore|iPhone
		{F63E4636-ADBF-4276-A84F-CDC022DAA204}.AppStore|iPhoneSimulator.ActiveCfg = AppStore|iPhoneSimulator
		{F63E4636-ADBF-4276-A84F-CDC022DAA204}.AppStore|iPhoneSimulator.Build.0 = AppStore|iPhoneSimulator
		{F63E4636-ADBF-4276-A84F-CDC022DAA204}.AppStore|x64.ActiveCfg = AppStore|iPhone
		{F63E4636-ADBF-4276-A84F-CDC022DAA204}.AppStore|x86.ActiveCfg = AppStore|iPhone
		{F63E4636-ADBF-4276-A84F-CDC022DAA204}.Debug|Any CPU.ActiveCfg = Debug|iPhone
		{F63E4636-ADBF-4276-A84F-CDC022DAA204}.Debug|ARM.ActiveCfg = Debug|iPhone
		{F63E4636-ADBF-4276-A84F-CDC022DAA204}.Debug|iPhone.ActiveCfg = Debug|iPhone
		{F63E4636-ADBF-4276-A84F-CDC022DAA204}.Debug|iPhone.Build.0 = Debug|iPhone
		{F63E4636-ADBF-4276-A84F-CDC022DAA204}.Debug|iPhoneSimulator.ActiveCfg = Debug|iPhoneSimulator
		{F63E4636-ADBF-4276-A84F-CDC022DAA204}.Debug|iPhoneSimulator.Build.0 = Debug|iPhoneSimulator
		{F63E4636-ADBF-4276-A84F-CDC022DAA204}.Debug|x64.ActiveCfg = Debug|iPhone
		{F63E4636-ADBF-4276-A84F-CDC022DAA204}.Debug|x86.ActiveCfg = Debug|iPhone
		{F63E4636-ADBF-4276-A84F-CDC022DAA204}.Release|Any CPU.ActiveCfg = Release|iPhone
		{F63E4636-ADBF-4276-A84F-CDC022DAA204}.Release|ARM.ActiveCfg = Release|iPhone
		{F63E4636-ADBF-4276-A84F-CDC022DAA204}.Release|iPhone.ActiveCfg = Release|iPhone
		{F63E4636-ADBF-4276-A84F-CDC022DAA204}.Release|iPhone.Build.0 = Release|iPhone
		{F63E4636-ADBF-4276-A84F-CDC022DAA204}.Release|iPhoneSimulator.ActiveCfg = Release|iPhoneSimulator
		{F63E4636-ADBF-4276-A84F-CDC022DAA204}.Release|iPhoneSimulator.Build.0 = Release|iPhoneSimulator
		{F63E4636-ADBF-4276-A84F-CDC022DAA204}.Release|x64.ActiveCfg = Release|iPhone
		{F63E4636-ADBF-4276-A84F-CDC022DAA204}.Release|x86.ActiveCfg = Release|iPhone
		{543E5149-BEDB-4537-BC36-2BF425E6C312}.Ad-Hoc|Any CPU.ActiveCfg = Release|x64
		{543E5149-BEDB-4537-BC36-2BF425E6C312}.Ad-Hoc|Any CPU.Build.0 = Release|x64
		{543E5149-BEDB-4537-BC36-2BF425E6C312}.Ad-Hoc|Any CPU.Deploy.0 = Release|x64
		{543E5149-BEDB-4537-BC36-2BF425E6C312}.Ad-Hoc|ARM.ActiveCfg = Release|ARM
		{543E5149-BEDB-4537-BC36-2BF425E6C312}.Ad-Hoc|ARM.Build.0 = Release|ARM
		{543E5149-BEDB-4537-BC36-2BF425E6C312}.Ad-Hoc|ARM.Deploy.0 = Release|ARM
		{543E5149-BEDB-4537-BC36-2BF425E6C312}.Ad-Hoc|iPhone.ActiveCfg = Release|x64
		{543E5149-BEDB-4537-BC36-2BF425E6C312}.Ad-Hoc|iPhone.Build.0 = Release|x64
		{543E5149-BEDB-4537-BC36-2BF425E6C312}.Ad-Hoc|iPhone.Deploy.0 = Release|x64
		{543E5149-BEDB-4537-BC36-2BF425E6C312}.Ad-Hoc|iPhoneSimulator.ActiveCfg = Release|x64
		{543E5149-BEDB-4537-BC36-2BF425E6C312}.Ad-Hoc|iPhoneSimulator.Build.0 = Release|x64
		{543E5149-BEDB-4537-BC36-2BF425E6C312}.Ad-Hoc|iPhoneSimulator.Deploy.0 = Release|x64
		{543E5149-BEDB-4537-BC36-2BF425E6C312}.Ad-Hoc|x64.ActiveCfg = Release|x64
		{543E5149-BEDB-4537-BC36-2BF425E6C312}.Ad-Hoc|x64.Build.0 = Release|x64
		{543E5149-BEDB-4537-BC36-2BF425E6C312}.Ad-Hoc|x64.Deploy.0 = Release|x64
		{543E5149-BEDB-4537-BC36-2BF425E6C312}.Ad-Hoc|x86.ActiveCfg = Release|x86
		{543E5149-BEDB-4537-BC36-2BF425E6C312}.Ad-Hoc|x86.Build.0 = Release|x86
		{543E5149-BEDB-4537-BC36-2BF425E6C312}.Ad-Hoc|x86.Deploy.0 = Release|x86
		{543E5149-BEDB-4537-BC36-2BF425E6C312}.AppStore|Any CPU.ActiveCfg = Release|x64
		{543E5149-BEDB-4537-BC36-2BF425E6C312}.AppStore|Any CPU.Build.0 = Release|x64
		{543E5149-BEDB-4537-BC36-2BF425E6C312}.AppStore|Any CPU.Deploy.0 = Release|x64
		{543E5149-BEDB-4537-BC36-2BF425E6C312}.AppStore|ARM.ActiveCfg = Release|ARM
		{543E5149-BEDB-4537-BC36-2BF425E6C312}.AppStore|ARM.Build.0 = Release|ARM
		{543E5149-BEDB-4537-BC36-2BF425E6C312}.AppStore|ARM.Deploy.0 = Release|ARM
		{543E5149-BEDB-4537-BC36-2BF425E6C312}.AppStore|iPhone.ActiveCfg = Release|x64
		{543E5149-BEDB-4537-BC36-2BF425E6C312}.AppStore|iPhone.Build.0 = Release|x64
		{543E5149-BEDB-4537-BC36-2BF425E6C312}.AppStore|iPhone.Deploy.0 = Release|x64
		{543E5149-BEDB-4537-BC36-2BF425E6C312}.AppStore|iPhoneSimulator.ActiveCfg = Release|x64
		{543E5149-BEDB-4537-BC36-2BF425E6C312}.AppStore|iPhoneSimulator.Build.0 = Release|x64
		{543E5149-BEDB-4537-BC36-2BF425E6C312}.AppStore|iPhoneSimulator.Deploy.0 = Release|x64
		{543E5149-BEDB-4537-BC36-2BF425E6C312}.AppStore|x64.ActiveCfg = Release|x64
		{543E5149-BEDB-4537-BC36-2BF425E6C312}.AppStore|x64.Build.0 = Release|x64
		{543E5149-BEDB-4537-BC36-2BF425E6C312}.AppStore|x64.Deploy.0 = Release|x64
		{543E5149-BEDB-4537-BC36-2BF425E6C312}.AppStore|x86.ActiveCfg = Release|x86
		{543E5149-BEDB-4537-BC36-2BF425E6C312}.AppStore|x86.Build.0 = Release|x86
		{543E5149-BEDB-4537-BC36-2BF425E6C312}.AppStore|x86.Deploy.0 = Release|x86
		{543E5149-BEDB-4537-BC36-2BF425E6C312}.Debug|Any CPU.ActiveCfg = Debug|x86
		{543E5149-BEDB-4537-BC36-2BF425E6C312}.Debug|ARM.ActiveCfg = Debug|ARM
		{543E5149-BEDB-4537-BC36-2BF425E6C312}.Debug|ARM.Build.0 = Debug|ARM
		{543E5149-BEDB-4537-BC36-2BF425E6C312}.Debug|ARM.Deploy.0 = Debug|ARM
		{543E5149-BEDB-4537-BC36-2BF425E6C312}.Debug|iPhone.ActiveCfg = Debug|x86
		{543E5149-BEDB-4537-BC36-2BF425E6C312}.Debug|iPhoneSimulator.ActiveCfg = Debug|x86
		{543E5149-BEDB-4537-BC36-2BF425E6C312}.Debug|x64.ActiveCfg = Debug|x64
		{543E5149-BEDB-4537-BC36-2BF425E6C312}.Debug|x64.Build.0 = Debug|x64
		{543E5149-BEDB-4537-BC36-2BF425E6C312}.Debug|x64.Deploy.0 = Debug|x64
		{543E5149-BEDB-4537-BC36-2BF425E6C312}.Debug|x86.ActiveCfg = Debug|x86
		{543E5149-BEDB-4537-BC36-2BF425E6C312}.Debug|x86.Build.0 = Debug|x86
		{543E5149-BEDB-4537-BC36-2BF425E6C312}.Debug|x86.Deploy.0 = Debug|x86
		{543E5149-BEDB-4537-BC36-2BF425E6C312}.Release|Any CPU.ActiveCfg = Release|x86
		{543E5149-BEDB-4537-BC36-2BF425E6C312}.Release|ARM.ActiveCfg = Release|ARM
		{543E5149-BEDB-4537-BC36-2BF425E6C312}.Release|ARM.Build.0 = Release|ARM
		{543E5149-BEDB-4537-BC36-2BF425E6C312}.Release|ARM.Deploy.0 = Release|ARM
		{543E5149-BEDB-4537-BC36-2BF425E6C312}.Release|iPhone.ActiveCfg = Release|x86
		{543E5149-BEDB-4537-BC36-2BF425E6C312}.Release|iPhoneSimulator.ActiveCfg = Release|x86
		{543E5149-BEDB-4537-BC36-2BF425E6C312}.Release|x64.ActiveCfg = Release|x64
		{543E5149-BEDB-4537-BC36-2BF425E6C312}.Release|x64.Build.0 = Release|x64
		{543E5149-BEDB-4537-BC36-2BF425E6C312}.Release|x64.Deploy.0 = Release|x64
		{543E5149-BEDB-4537-BC36-2BF425E6C312}.Release|x86.ActiveCfg = Release|x86
		{543E5149-BEDB-4537-BC36-2BF425E6C312}.Release|x86.Build.0 = Release|x86
		{543E5149-BEDB-4537-BC36-2BF425E6C312}.Release|x86.Deploy.0 = Release|x86
		{24C41CE2-F3E8-4469-B11A-A16547087098}.Ad-Hoc|Any CPU.ActiveCfg = Debug|Any CPU
		{24C41CE2-F3E8-4469-B11A-A16547087098}.Ad-Hoc|Any CPU.Build.0 = Debug|Any CPU
		{24C41CE2-F3E8-4469-B11A-A16547087098}.Ad-Hoc|ARM.ActiveCfg = Debug|Any CPU
		{24C41CE2-F3E8-4469-B11A-A16547087098}.Ad-Hoc|ARM.Build.0 = Debug|Any CPU
		{24C41CE2-F3E8-4469-B11A-A16547087098}.Ad-Hoc|iPhone.ActiveCfg = Debug|Any CPU
		{24C41CE2-F3E8-4469-B11A-A16547087098}.Ad-Hoc|iPhone.Build.0 = Debug|Any CPU
		{24C41CE2-F3E8-4469-B11A-A16547087098}.Ad-Hoc|iPhoneSimulator.ActiveCfg = Debug|Any CPU
		{24C41CE2-F3E8-4469-B11A-A16547087098}.Ad-Hoc|iPhoneSimulator.Build.0 = Debug|Any CPU
		{24C41CE2-F3E8-4469-B11A-A16547087098}.Ad-Hoc|x64.ActiveCfg = Debug|Any CPU
		{24C41CE2-F3E8-4469-B11A-A16547087098}.Ad-Hoc|x64.Build.0 = Debug|Any CPU
		{24C41CE2-F3E8-4469-B11A-A16547087098}.Ad-Hoc|x86.ActiveCfg = Debug|Any CPU
		{24C41CE2-F3E8-4469-B11A-A16547087098}.Ad-Hoc|x86.Build.0 = Debug|Any CPU
		{24C41CE2-F3E8-4469-B11A-A16547087098}.AppStore|Any CPU.ActiveCfg = Debug|Any CPU
		{24C41CE2-F3E8-4469-B11A-A16547087098}.AppStore|Any CPU.Build.0 = Debug|Any CPU
		{24C41CE2-F3E8-4469-B11A-A16547087098}.AppStore|ARM.ActiveCfg = Debug|Any CPU
		{24C41CE2-F3E8-4469-B11A-A16547087098}.AppStore|ARM.Build.0 = Debug|Any CPU
		{24C41CE2-F3E8-4469-B11A-A16547087098}.AppStore|iPhone.ActiveCfg = Debug|Any CPU
		{24C41CE2-F3E8-4469-B11A-A16547087098}.AppStore|iPhone.Build.0 = Debug|Any CPU
		{24C41CE2-F3E8-4469-B11A-A16547087098}.AppStore|iPhoneSimulator.ActiveCfg = Debug|Any CPU
		{24C41CE2-F3E8-4469-B11A-A16547087098}.AppStore|iPhoneSimulator.Build.0 = Debug|Any CPU
		{24C41CE2-F3E8-4469-B11A-A16547087098}.AppStore|x64.ActiveCfg = Debug|Any CPU
		{24C41CE2-F3E8-4469-B11A-A16547087098}.AppStore|x64.Build.0 = Debug|Any CPU
		{24C41CE2-F3E8-4469-B11A-A16547087098}.AppStore|x86.ActiveCfg = Debug|Any CPU
		{24C41CE2-F3E8-4469-B11A-A16547087098}.AppStore|x86.Build.0 = Debug|Any CPU
		{24C41CE2-F3E8-4469-B11A-A16547087098}.Debug|Any CPU.ActiveCfg = Debug|Any CPU
		{24C41CE2-F3E8-4469-B11A-A16547087098}.Debug|Any CPU.Build.0 = Debug|Any CPU
		{24C41CE2-F3E8-4469-B11A-A16547087098}.Debug|ARM.ActiveCfg = Debug|Any CPU
		{24C41CE2-F3E8-4469-B11A-A16547087098}.Debug|ARM.Build.0 = Debug|Any CPU
		{24C41CE2-F3E8-4469-B11A-A16547087098}.Debug|iPhone.ActiveCfg = Debug|Any CPU
		{24C41CE2-F3E8-4469-B11A-A16547087098}.Debug|iPhone.Build.0 = Debug|Any CPU
		{24C41CE2-F3E8-4469-B11A-A16547087098}.Debug|iPhoneSimulator.ActiveCfg = Debug|Any CPU
		{24C41CE2-F3E8-4469-B11A-A16547087098}.Debug|iPhoneSimulator.Build.0 = Debug|Any CPU
		{24C41CE2-F3E8-4469-B11A-A16547087098}.Debug|x64.ActiveCfg = Debug|Any CPU
		{24C41CE2-F3E8-4469-B11A-A16547087098}.Debug|x64.Build.0 = Debug|Any CPU
		{24C41CE2-F3E8-4469-B11A-A16547087098}.Debug|x86.ActiveCfg = Debug|Any CPU
		{24C41CE2-F3E8-4469-B11A-A16547087098}.Debug|x86.Build.0 = Debug|Any CPU
		{24C41CE2-F3E8-4469-B11A-A16547087098}.Release|Any CPU.ActiveCfg = Release|Any CPU
		{24C41CE2-F3E8-4469-B11A-A16547087098}.Release|Any CPU.Build.0 = Release|Any CPU
		{24C41CE2-F3E8-4469-B11A-A16547087098}.Release|ARM.ActiveCfg = Release|Any CPU
		{24C41CE2-F3E8-4469-B11A-A16547087098}.Release|ARM.Build.0 = Release|Any CPU
		{24C41CE2-F3E8-4469-B11A-A16547087098}.Release|iPhone.ActiveCfg = Release|Any CPU
		{24C41CE2-F3E8-4469-B11A-A16547087098}.Release|iPhone.Build.0 = Release|Any CPU
		{24C41CE2-F3E8-4469-B11A-A16547087098}.Release|iPhoneSimulator.ActiveCfg = Release|Any CPU
		{24C41CE2-F3E8-4469-B11A-A16547087098}.Release|iPhoneSimulator.Build.0 = Release|Any CPU
		{24C41CE2-F3E8-4469-B11A-A16547087098}.Release|x64.ActiveCfg = Release|Any CPU
		{24C41CE2-F3E8-4469-B11A-A16547087098}.Release|x64.Build.0 = Release|Any CPU
		{24C41CE2-F3E8-4469-B11A-A16547087098}.Release|x86.ActiveCfg = Release|Any CPU
		{24C41CE2-F3E8-4469-B11A-A16547087098}.Release|x86.Build.0 = Release|Any CPU
	EndGlobalSection
	GlobalSection(SolutionProperties) = preSolution
		HideSolutionNode = FALSE
	EndGlobalSection
	GlobalSection(ExtensibilityGlobals) = postSolution
		SolutionGuid = {D1626D71-949C-4EE1-BDDB-F18B30B26FB9}
	EndGlobalSection
EndGlobal
